lockfile_version: '1'
generated_at: '2026-08-16T18:20:51.282720+00:00'
apm_version: 0.26.0
dependencies:
- repo_url: cursor/plugins
  name: thermo-nuclear-code-quality-review
  host: github.com
  resolved_commit: 2a8044425c7bddf429c3bdedf3ab61e791d34d65
  version: unknown
  virtual_path: cursor-team-kit/skills/thermo-nuclear-code-quality-review
  is_virtual: true
  package_type: claude_skill
  deployed_files:
  - .claude/skills/thermo-nuclear-code-quality-review
  - .claude/skills/thermo-nuclear-code-quality-review/SKILL.md
  deployed_file_hashes:
    .claude/skills/thermo-nuclear-code-quality-review/SKILL.md: sha256:7faca08b51b643b2ddd0836f92af15574444024685dcc1e677dbbb39ae8c9e8f
  content_hash: sha256:9052b01b46b1d8dbf94c45f9313ec1983443f9a460e83d49cdc7fe0f640ca476
  skill_subset:
  - thermo-nuclear-code-quality-review
- repo_url: dietrichgebert/ponytail
  name: ponytail
  host: github.com
  resolved_commit: 2ed6c52c9d7e5e56942508591085fd45dea277d3
  version: 2ed6c52
  package_type: marketplace_plugin
  deployed_files:
  - .claude/hooks/ponytail/hooks/package.json
  - .claude/hooks/ponytail/hooks/ponytail-activate.js
  - .claude/hooks/ponytail/hooks/ponytail-config.js
  - .claude/hooks/ponytail/hooks/ponytail-instructions.js
  - .claude/hooks/ponytail/hooks/ponytail-mode-tracker.js
  - .claude/hooks/ponytail/hooks/ponytail-runtime.js
  - .claude/hooks/ponytail/hooks/ponytail-statusline.ps1
  - .claude/hooks/ponytail/hooks/ponytail-statusline.sh
  - .claude/hooks/ponytail/hooks/ponytail-subagent.js
  - .claude/skills/ponytail
  - .claude/skills/ponytail-audit
  - .claude/skills/ponytail-audit/SKILL.md
  - .claude/skills/ponytail-debt
  - .claude/skills/ponytail-debt/SKILL.md
  - .claude/skills/ponytail-gain
  - .claude/skills/ponytail-gain/SKILL.md
  - .claude/skills/ponytail-help
  - .claude/skills/ponytail-help/SKILL.md
  - .claude/skills/ponytail-review
  - .claude/skills/ponytail-review/SKILL.md
  - .claude/skills/ponytail/SKILL.md
  deployed_file_hashes:
    .claude/hooks/ponytail/hooks/package.json: sha256:8005a3491db7d92f36ac66369861589f9c47123d3a7c71e643fc2c06168cd45a
    .claude/hooks/ponytail/hooks/ponytail-activate.js: sha256:1c428c4ee9687c2f4321924109ee92e8f8b06fd6600cb6be9ec5b59633cafab1
    .claude/hooks/ponytail/hooks/ponytail-config.js: sha256:0a8daf96cf9ac703dc4cb7b5065253567e513c951d60b8eb94a0fe727514aeca
    .claude/hooks/ponytail/hooks/ponytail-instructions.js: sha256:23c050103f28dbe6bad953ae21d98cd06d720a20f33d4716e9de419f947d495e
    .claude/hooks/ponytail/hooks/ponytail-mode-tracker.js: sha256:5d1a960ff01b73f651ec0242052a8cf1e064cb88147806bf6e13f92798aca251
    .claude/hooks/ponytail/hooks/ponytail-runtime.js: sha256:02fa6127cf6c4b65a7b07b66541677ea587a0691802b6d1d2be2419bccea9110
    .claude/hooks/ponytail/hooks/ponytail-statusline.ps1: sha256:6138f15bc7651ee7e5ced2a2a2280f5c810d58cad3e9f3252c628f4c923e48c9
    .claude/hooks/ponytail/hooks/ponytail-statusline.sh: sha256:f1dbfa5997a5d4b5339619709053eff557ab16d71af75eb3041c3d3e3dca42ec
    .claude/hooks/ponytail/hooks/ponytail-subagent.js: sha256:7f6bee86702a488d29ef0dcaabf424bbe2aca345a6a642319d43a1fe0276792e
    .claude/skills/ponytail-audit/SKILL.md: sha256:5560b8e383dbe2ddfddc873a1e2bf2e586e23e0cd7d995537482b2315331f6d1
    .claude/skills/ponytail-debt/SKILL.md: sha256:c84fba75f0ca12bfe83f9a78ea02fd125c5dd3f1fbb18124105a489937f284e6
    .claude/skills/ponytail-gain/SKILL.md: sha256:24e01d1c9715cb136ba1c4f1e52a95940c0193558b876828e537736480d6408b
    .claude/skills/ponytail-help/SKILL.md: sha256:2264d1615117b02b0fd5a69ec84cd2757006471a78e4d6c22eed6d581c1d37a4
    .claude/skills/ponytail-review/SKILL.md: sha256:40df33b58fc6ef889b93585733feb9566b76e9586efa7f376785c1e995197ac0
    .claude/skills/ponytail/SKILL.md: sha256:1316a2f3f95741d2300b116fe0c2d81ce4a9568656ed0a62643f54aaf09957f2
  content_hash: sha256:17a5d405c7a1b9ef17969bc14deacaa78ae420fb453c0f2b1f7170d530e55b26
  target_subset:
  - claude
- repo_url: mattpocock/skills
  name: mattpocock-skills
  host: github.com
  resolved_commit: 068b6e0c62393147daf03530149cdce209c93da8
  version: 1.2.3
  package_type: marketplace_plugin
  deployed_files:
  - .claude/skills/ask-matt
  - .claude/skills/ask-matt/PHASE-BOUNDARIES.md
  - .claude/skills/ask-matt/SKILL.md
  - .claude/skills/ask-matt/agents/openai.yaml
  - .claude/skills/code-review
  - .claude/skills/code-review/SKILL.md
  - .claude/skills/code-review/agents/openai.yaml
  - .claude/skills/codebase-design
  - .claude/skills/codebase-design/DEEPENING.md
  - .claude/skills/codebase-design/DESIGN-IT-TWICE.md
  - .claude/skills/codebase-design/SKILL.md
  - .claude/skills/codebase-design/agents/openai.yaml
  - .claude/skills/diagnosing-bugs
  - .claude/skills/diagnosing-bugs/SKILL.md
  - .claude/skills/diagnosing-bugs/agents/openai.yaml
  - .claude/skills/diagnosing-bugs/scripts/hitl-loop.template.sh
  - .claude/skills/domain-modeling
  - .claude/skills/domain-modeling/ADR-FORMAT.md
  - .claude/skills/domain-modeling/CONTEXT-FORMAT.md
  - .claude/skills/domain-modeling/SKILL.md
  - .claude/skills/domain-modeling/agents/openai.yaml
  - .claude/skills/grill-with-docs
  - .claude/skills/grill-with-docs/SKILL.md
  - .claude/skills/grill-with-docs/agents/openai.yaml
  - .claude/skills/grilling
  - .claude/skills/grilling/SKILL.md
  - .claude/skills/grilling/agents/openai.yaml
  - .claude/skills/improve-codebase-architecture
  - .claude/skills/improve-codebase-architecture/HTML-REPORT.md
  - .claude/skills/improve-codebase-architecture/SKILL.md
  - .claude/skills/improve-codebase-architecture/agents/openai.yaml
  - .claude/skills/prototype
  - .claude/skills/prototype/LOGIC.md
  - .claude/skills/prototype/SKILL.md
  - .claude/skills/prototype/UI.md
  - .claude/skills/prototype/agents/openai.yaml
  - .claude/skills/research
  - .claude/skills/research/SKILL.md
  - .claude/skills/research/agents/openai.yaml
  - .claude/skills/resolving-merge-conflicts
  - .claude/skills/resolving-merge-conflicts/SKILL.md
  - .claude/skills/resolving-merge-conflicts/agents/openai.yaml
  - .claude/skills/setup-matt-pocock-skills
  - .claude/skills/setup-matt-pocock-skills/SKILL.md
  - .claude/skills/setup-matt-pocock-skills/agents/openai.yaml
  - .claude/skills/setup-matt-pocock-skills/domain.md
  - .claude/skills/setup-matt-pocock-skills/issue-tracker-github.md
  - .claude/skills/setup-matt-pocock-skills/issue-tracker-gitlab.md
  - .claude/skills/setup-matt-pocock-skills/issue-tracker-local.md
  - .claude/skills/setup-matt-pocock-skills/triage-labels.md
  - .claude/skills/tdd
  - .claude/skills/tdd/SKILL.md
  - .claude/skills/tdd/agents/openai.yaml
  - .claude/skills/tdd/mocking.md
  - .claude/skills/tdd/tests.md
  - .claude/skills/to-spec
  - .claude/skills/to-spec/SKILL.md
  - .claude/skills/to-spec/agents/openai.yaml
  - .claude/skills/to-tickets
  - .claude/skills/to-tickets/SKILL.md
  - .claude/skills/to-tickets/agents/openai.yaml
  - .claude/skills/triage
  - .claude/skills/triage/AGENT-BRIEF.md
  - .claude/skills/triage/OUT-OF-SCOPE.md
  - .claude/skills/triage/SKILL.md
  - .claude/skills/triage/agents/openai.yaml
  - .claude/skills/wayfinder
  - .claude/skills/wayfinder/SKILL.md
  - .claude/skills/wayfinder/agents/openai.yaml
  deployed_file_hashes:
    .claude/skills/ask-matt/PHASE-BOUNDARIES.md: sha256:bd0fe4291d25064080a5b880a17d2ebe320e65a63747a2d69a64b04d72a0d03e
    .claude/skills/ask-matt/SKILL.md: sha256:3d38910535f5f01e15bc5fd7f6ca8880d628cd248741f08e6780dd7c1828e832
    .claude/skills/ask-matt/agents/openai.yaml: sha256:bdffbc5a0a99ed1b6ef3253d251d755fd18162b9845972e380007f844b09b05c
    .claude/skills/code-review/SKILL.md: sha256:4e8eeefbf3bd32ec2c911ed6c7db103866ce11fedc98b1f8e358d2e1cada3895
    .claude/skills/code-review/agents/openai.yaml: sha256:8229ca854e11dc8e6aef2131ee03f31fb1561cf905fab9ccc325180cf3331352
    .claude/skills/codebase-design/DEEPENING.md: sha256:125e6b77413ad2bc7cf7a772bc74336d580a50f9e797db2178ed133d62333d06
    .claude/skills/codebase-design/DESIGN-IT-TWICE.md: sha256:09f9948ea7636a4d3704c5ab909762e876c0b39849eefb14d2e03a398cc9c7e7
    .claude/skills/codebase-design/SKILL.md: sha256:a8d50abac5a4018f60e1d911d4b6f4e36454ca14d6c390c0695a578c7de65dad
    .claude/skills/codebase-design/agents/openai.yaml: sha256:edebc9e4fcfe102114012575eaa9600b9b5fd08c311664f389c36e7bc717740f
    .claude/skills/diagnosing-bugs/SKILL.md: sha256:573142d28dc5a4d931dd4a6faa3e615e731f8e9cc65d2dd4468045a2efd6148c
    .claude/skills/diagnosing-bugs/agents/openai.yaml: sha256:3e430dbe4334a87597488c060cb3dc3786bb00c9182877d6f5ec41f62490e90b
    .claude/skills/diagnosing-bugs/scripts/hitl-loop.template.sh: sha256:18ae07e1cc49b32c71767e241a6e8de4be74ef21d5e3b7e39034d9c7335f2d80
    .claude/skills/domain-modeling/ADR-FORMAT.md: sha256:f1f36cd3f8d3b6474ddd5855da4e233bfc4ae1a1c5024909ccf11871819a41b2
    .claude/skills/domain-modeling/CONTEXT-FORMAT.md: sha256:b8cc318f2a4285b530e908b6bc43901c3c5cd11100362636bbc4216639bef597
    .claude/skills/domain-modeling/SKILL.md: sha256:9617041db9b0f6606ecf974e2061c83596b05059b5bb20ddb884c60f147c70e9
    .claude/skills/domain-modeling/agents/openai.yaml: sha256:f6bf2aa996c6e6f53fdd0708e18a0d16a56aed8322cca59fedbe3c0d2c75f06b
    .claude/skills/grill-with-docs/SKILL.md: sha256:7de372c13488f1ee96cc11cd8907b56b6809cc93eef776eeddd37de6b6cbe3fe
    .claude/skills/grill-with-docs/agents/openai.yaml: sha256:94cd0ab161fb468a836349f5ed482ba58ce8e709a05c57ce533d739dbd35cca9
    .claude/skills/grilling/SKILL.md: sha256:d2498125dd20a0d3a27f03e0ebcc8e681cf42be468e2d3e3c9e8f5dadcae8d47
    .claude/skills/grilling/agents/openai.yaml: sha256:1411d7df7d99b7e621a1ff8283c8133cc2464be63d064e52d8ce169c6800ee9b
    .claude/skills/improve-codebase-architecture/HTML-REPORT.md: sha256:0b0936104158abeef7246ff6cbabefa4dc055f17589f2833f2d93001421910a1
    .claude/skills/improve-codebase-architecture/SKILL.md: sha256:387f38d21367761c94d4b4dcea9e9d7d3e31f896c4decebf4984483e42125cfc
    .claude/skills/improve-codebase-architecture/agents/openai.yaml: sha256:c8cb20f68ebf0edb4e497bc11ae5fcaa196004e661cd189015b04f4109ced7f1
    .claude/skills/prototype/LOGIC.md: sha256:5aef84c2ef514dd2a7268433abd3ee8e47b35f42b60e0b5f7430ec4937f4f06a
    .claude/skills/prototype/SKILL.md: sha256:2579ecf89a7fb7e73345117405c7ba9b9fb5ab22a78ecb08b0ce68b73f0148c2
    .claude/skills/prototype/UI.md: sha256:e2ca04434be54acdee2f5df582ef8038fadf582bbcc99be0d2e27737ff8ed096
    .claude/skills/prototype/agents/openai.yaml: sha256:5af65e43ab41a350436697b81e27b7f848d36782043b73c322bb2c9fa9cc55dc
    .claude/skills/research/SKILL.md: sha256:af378829f015775a3bcd65ff466826722e99359017ae6bae227ca4c9bd14049c
    .claude/skills/research/agents/openai.yaml: sha256:9b4c470d63221c1f68f22df70b83e2f12401b317babe0d1b7b5f24a974474d0d
    .claude/skills/resolving-merge-conflicts/SKILL.md: sha256:c7c9ba81362a786aac05d2223123bf1bd2f8a99c3243a72882ede9c68bedfb24
    .claude/skills/resolving-merge-conflicts/agents/openai.yaml: sha256:a1f4f96838f2ed6282eb28abbbf99029cb8fadce552baf53da90a025b8bffddf
    .claude/skills/setup-matt-pocock-skills/SKILL.md: sha256:310fb1a73c0467e617e17d7c41d4a2278b5405c4a27f36d7cd22bb4599aee6bb
    .claude/skills/setup-matt-pocock-skills/agents/openai.yaml: sha256:9527de0110541c45712319025155aeab8dc7d77c6ed6e5e83271bab1851ab939
    .claude/skills/setup-matt-pocock-skills/domain.md: sha256:25be404b58798b3cb2d51c93dba2ab052fc3a425632185726ac3f5fcff193b99
    .claude/skills/setup-matt-pocock-skills/issue-tracker-github.md: sha256:ec8332bb69e7e79e349989e940be481a0c79b552be3acc613e718278bcc5e03d
    .claude/skills/setup-matt-pocock-skills/issue-tracker-gitlab.md: sha256:16ea4a727803876cbc763e1f6b00992b3b393ba5e0cd394382dccc0f8d83c564
    .claude/skills/setup-matt-pocock-skills/issue-tracker-local.md: sha256:6f38f66f9ffce2fdc26c43608d06b527f60e45c6f43003d0ea77d4e2641c9de3
    .claude/skills/setup-matt-pocock-skills/triage-labels.md: sha256:4f53c9b40ce2651e3611aa090eaedbd6dbc9b71ef8c5f7e65eac0d8263190d0d
    .claude/skills/tdd/SKILL.md: sha256:6875cbca6b7d17be635dc9b457cc6363125f85cef26f443991b77c7d9eb430d2
    .claude/skills/tdd/agents/openai.yaml: sha256:ea6f01cf1b8c06a4b0f5b649d74b1b8ce8685e72af1b38d70d877693e092af0b
    .claude/skills/tdd/mocking.md: sha256:3ceb807fdf4a47d6a93d4d9a891e5ba6d362a6247bd08adc451feebfc17361ef
    .claude/skills/tdd/tests.md: sha256:859f9e592c188fda4fc7277dd180e4ce9c7a2e13f6efe1f6f29eccc9d28c106a
    .claude/skills/to-spec/SKILL.md: sha256:69ae8bd0ee33d4d350e50eed68f8c958c4b95ffa502ad90e7757e95e7e21419d
    .claude/skills/to-spec/agents/openai.yaml: sha256:1c5b4d1e3d8e52287ef19cc2742fdbbfae1914ac75d33af3e4c8174f08cc55bb
    .claude/skills/to-tickets/SKILL.md: sha256:7d211a9262a741b62c70e06dafb507732f5927cca6839391a4fd9f47ace98984
    .claude/skills/to-tickets/agents/openai.yaml: sha256:21bc6215fffcd7614e9f772bb1760e87cc5fc7dcc707e7d282bc9414267a6090
    .claude/skills/triage/AGENT-BRIEF.md: sha256:5b78d347cc53f6bcf7b875106005ccf5315055fa4cf75eb28d41e96ee426d27b
    .claude/skills/triage/OUT-OF-SCOPE.md: sha256:2526f998fd7ca5e956d3f6f234bcc2431a5971ee769f1148ddc60b92f04d5914
    .claude/skills/triage/SKILL.md: sha256:e52a18163b7b76431393d89c414426b202cacc812f49f95d540d33f2a058dde1
    .claude/skills/triage/agents/openai.yaml: sha256:2e683717720cf456d165d0bb1a68bb600d0b6a8ccb61841c172e50d26f95351c
    .claude/skills/wayfinder/SKILL.md: sha256:73cc3fc0951b02f028e035e381b69a17e14700b04ecb51fdb0aaf3ce1162b959
    .claude/skills/wayfinder/agents/openai.yaml: sha256:88bc81a11a6d52ac67aeaa76b8b619e387020d47c5133a4dd4927fd15c4ad073
  content_hash: sha256:51d4c65494e4d468aab824537fd233ab7837ec27bec0f321d9c609145a8cf2ec
  skill_subset:
  - ask-matt
  - code-review
  - codebase-design
  - diagnosing-bugs
  - domain-modeling
  - grill-with-docs
  - grilling
  - improve-codebase-architecture
  - prototype
  - research
  - resolving-merge-conflicts
  - setup-matt-pocock-skills
  - tdd
  - to-spec
  - to-tickets
  - triage
  - wayfinder
  declared_license: MIT
deployments:
- kind: project-relative
  target: claude
  value: .claude/hooks/ponytail/hooks/package.json
  runtime: null
  scope: project
  owners:
  - dietrichgebert/ponytail
  active_owner: dietrichgebert/ponytail
  content_hash: sha256:8005a3491db7d92f36ac66369861589f9c47123d3a7c71e643fc2c06168cd45a
- kind: project-relative
  target: claude
  value: .claude/hooks/ponytail/hooks/ponytail-activate.js
  runtime: null
  scope: project
  owners:
  - dietrichgebert/ponytail
  active_owner: dietrichgebert/ponytail
  content_hash: sha256:1c428c4ee9687c2f4321924109ee92e8f8b06fd6600cb6be9ec5b59633cafab1
- kind: project-relative
  target: claude
  value: .claude/hooks/ponytail/hooks/ponytail-config.js
  runtime: null
  scope: project
  owners:
  - dietrichgebert/ponytail
  active_owner: dietrichgebert/ponytail
  content_hash: sha256:0a8daf96cf9ac703dc4cb7b5065253567e513c951d60b8eb94a0fe727514aeca
- kind: project-relative
  target: claude
  value: .claude/hooks/ponytail/hooks/ponytail-instructions.js
  runtime: null
  scope: project
  owners:
  - dietrichgebert/ponytail
  active_owner: dietrichgebert/ponytail
  content_hash: sha256:23c050103f28dbe6bad953ae21d98cd06d720a20f33d4716e9de419f947d495e
- kind: project-relative
  target: claude
  value: .claude/hooks/ponytail/hooks/ponytail-mode-tracker.js
  runtime: null
  scope: project
  owners:
  - dietrichgebert/ponytail
  active_owner: dietrichgebert/ponytail
  content_hash: sha256:5d1a960ff01b73f651ec0242052a8cf1e064cb88147806bf6e13f92798aca251
- kind: project-relative
  target: claude
  value: .claude/hooks/ponytail/hooks/ponytail-runtime.js
  runtime: null
  scope: project
  owners:
  - dietrichgebert/ponytail
  active_owner: dietrichgebert/ponytail
  content_hash: sha256:02fa6127cf6c4b65a7b07b66541677ea587a0691802b6d1d2be2419bccea9110
- kind: project-relative
  target: claude
  value: .claude/hooks/ponytail/hooks/ponytail-statusline.ps1
  runtime: null
  scope: project
  owners:
  - dietrichgebert/ponytail
  active_owner: dietrichgebert/ponytail
  content_hash: sha256:6138f15bc7651ee7e5ced2a2a2280f5c810d58cad3e9f3252c628f4c923e48c9
- kind: project-relative
  target: claude
  value: .claude/hooks/ponytail/hooks/ponytail-statusline.sh
  runtime: null
  scope: project
  owners:
  - dietrichgebert/ponytail
  active_owner: dietrichgebert/ponytail
  content_hash: sha256:f1dbfa5997a5d4b5339619709053eff557ab16d71af75eb3041c3d3e3dca42ec
- kind: project-relative
  target: claude
  value: .claude/hooks/ponytail/hooks/ponytail-subagent.js
  runtime: null
  scope: project
  owners:
  - dietrichgebert/ponytail
  active_owner: dietrichgebert/ponytail
  content_hash: sha256:7f6bee86702a488d29ef0dcaabf424bbe2aca345a6a642319d43a1fe0276792e
- kind: project-relative
  target: claude
  value: .claude/skills/ask-matt
  runtime: null
  scope: project
  owners:
  - mattpocock/skills
  active_owner: mattpocock/skills
  content_hash: null
- kind: project-relative
  target: claude
  value: .claude/skills/ask-matt/PHASE-BOUNDARIES.md
  runtime: null
  scope: project
  owners:
  - mattpocock/skills
  active_owner: mattpocock/skills
  content_hash: sha256:bd0fe4291d25064080a5b880a17d2ebe320e65a63747a2d69a64b04d72a0d03e
- kind: project-relative
  target: claude
  value: .claude/skills/ask-matt/SKILL.md
  runtime: null
  scope: project
  owners:
  - mattpocock/skills
  active_owner: mattpocock/skills
  content_hash: sha256:3d38910535f5f01e15bc5fd7f6ca8880d628cd248741f08e6780dd7c1828e832
- kind: project-relative
  target: claude
  value: .claude/skills/ask-matt/agents/openai.yaml
  runtime: null
  scope: project
  owners:
  - mattpocock/skills
  active_owner: mattpocock/skills
  content_hash: sha256:bdffbc5a0a99ed1b6ef3253d251d755fd18162b9845972e380007f844b09b05c
- kind: project-relative
  target: claude
  value: .claude/skills/code-review
  runtime: null
  scope: project
  owners:
  - mattpocock/skills
  active_owner: mattpocock/skills
  content_hash: null
- kind: project-relative
  target: claude
  value: .claude/skills/code-review/SKILL.md
  runtime: null
  scope: project
  owners:
  - mattpocock/skills
  active_owner: mattpocock/skills
  content_hash: sha256:4e8eeefbf3bd32ec2c911ed6c7db103866ce11fedc98b1f8e358d2e1cada3895
- kind: project-relative
  target: claude
  value: .claude/skills/code-review/agents/openai.yaml
  runtime: null
  scope: project
  owners:
  - mattpocock/skills
  active_owner: mattpocock/skills
  content_hash: sha256:8229ca854e11dc8e6aef2131ee03f31fb1561cf905fab9ccc325180cf3331352
- kind: project-relative
  target: claude
  value: .claude/skills/codebase-design
  runtime: null
  scope: project
  owners:
  - mattpocock/skills
  active_owner: mattpocock/skills
  content_hash: null
- kind: project-relative
  target: claude
  value: .claude/skills/codebase-design/DEEPENING.md
  runtime: null
  scope: project
  owners:
  - mattpocock/skills
  active_owner: mattpocock/skills
  content_hash: sha256:125e6b77413ad2bc7cf7a772bc74336d580a50f9e797db2178ed133d62333d06
- kind: project-relative
  target: claude
  value: .claude/skills/codebase-design/DESIGN-IT-TWICE.md
  runtime: null
  scope: project
  owners:
  - mattpocock/skills
  active_owner: mattpocock/skills
  content_hash: sha256:09f9948ea7636a4d3704c5ab909762e876c0b39849eefb14d2e03a398cc9c7e7
- kind: project-relative
  target: claude
  value: .claude/skills/codebase-design/SKILL.md
  runtime: null
  scope: project
  owners:
  - mattpocock/skills
  active_owner: mattpocock/skills
  content_hash: sha256:a8d50abac5a4018f60e1d911d4b6f4e36454ca14d6c390c0695a578c7de65dad
- kind: project-relative
  target: claude
  value: .claude/skills/codebase-design/agents/openai.yaml
  runtime: null
  scope: project
  owners:
  - mattpocock/skills
  active_owner: mattpocock/skills
  content_hash: sha256:edebc9e4fcfe102114012575eaa9600b9b5fd08c311664f389c36e7bc717740f
- kind: project-relative
  target: claude
  value: .claude/skills/diagnosing-bugs
  runtime: null
  scope: project
  owners:
  - mattpocock/skills
  active_owner: mattpocock/skills
  content_hash: null
- kind: project-relative
  target: claude
  value: .claude/skills/diagnosing-bugs/SKILL.md
  runtime: null
  scope: project
  owners:
  - mattpocock/skills
  active_owner: mattpocock/skills
  content_hash: sha256:573142d28dc5a4d931dd4a6faa3e615e731f8e9cc65d2dd4468045a2efd6148c
- kind: project-relative
  target: claude
  value: .claude/skills/diagnosing-bugs/agents/openai.yaml
  runtime: null
  scope: project
  owners:
  - mattpocock/skills
  active_owner: mattpocock/skills
  content_hash: sha256:3e430dbe4334a87597488c060cb3dc3786bb00c9182877d6f5ec41f62490e90b
- kind: project-relative
  target: claude
  value: .claude/skills/diagnosing-bugs/scripts/hitl-loop.template.sh
  runtime: null
  scope: project
  owners:
  - mattpocock/skills
  active_owner: mattpocock/skills
  content_hash: sha256:18ae07e1cc49b32c71767e241a6e8de4be74ef21d5e3b7e39034d9c7335f2d80
- kind: project-relative
  target: claude
  value: .claude/skills/domain-modeling
  runtime: null
  scope: project
  owners:
  - mattpocock/skills
  active_owner: mattpocock/skills
  content_hash: null
- kind: project-relative
  target: claude
  value: .claude/skills/domain-modeling/ADR-FORMAT.md
  runtime: null
  scope: project
  owners:
  - mattpocock/skills
  active_owner: mattpocock/skills
  content_hash: sha256:f1f36cd3f8d3b6474ddd5855da4e233bfc4ae1a1c5024909ccf11871819a41b2
- kind: project-relative
  target: claude
  value: .claude/skills/domain-modeling/CONTEXT-FORMAT.md
  runtime: null
  scope: project
  owners:
  - mattpocock/skills
  active_owner: mattpocock/skills
  content_hash: sha256:b8cc318f2a4285b530e908b6bc43901c3c5cd11100362636bbc4216639bef597
- kind: project-relative
  target: claude
  value: .claude/skills/domain-modeling/SKILL.md
  runtime: null
  scope: project
  owners:
  - mattpocock/skills
  active_owner: mattpocock/skills
  content_hash: sha256:9617041db9b0f6606ecf974e2061c83596b05059b5bb20ddb884c60f147c70e9
- kind: project-relative
  target: claude
  value: .claude/skills/domain-modeling/agents/openai.yaml
  runtime: null
  scope: project
  owners:
  - mattpocock/skills
  active_owner: mattpocock/skills
  content_hash: sha256:f6bf2aa996c6e6f53fdd0708e18a0d16a56aed8322cca59fedbe3c0d2c75f06b
- kind: project-relative
  target: claude
  value: .claude/skills/grill-with-docs
  runtime: null
  scope: project
  owners:
  - mattpocock/skills
  active_owner: mattpocock/skills
  content_hash: null
- kind: project-relative
  target: claude
  value: .claude/skills/grill-with-docs/SKILL.md
  runtime: null
  scope: project
  owners:
  - mattpocock/skills
  active_owner: mattpocock/skills
  content_hash: sha256:7de372c13488f1ee96cc11cd8907b56b6809cc93eef776eeddd37de6b6cbe3fe
- kind: project-relative
  target: claude
  value: .claude/skills/grill-with-docs/agents/openai.yaml
  runtime: null
  scope: project
  owners:
  - mattpocock/skills
  active_owner: mattpocock/skills
  content_hash: sha256:94cd0ab161fb468a836349f5ed482ba58ce8e709a05c57ce533d739dbd35cca9
- kind: project-relative
  target: claude
  value: .claude/skills/grilling
  runtime: null
  scope: project
  owners:
  - mattpocock/skills
  active_owner: mattpocock/skills
  content_hash: null
- kind: project-relative
  target: claude
  value: .claude/skills/grilling/SKILL.md
  runtime: null
  scope: project
  owners:
  - mattpocock/skills
  active_owner: mattpocock/skills
  content_hash: sha256:d2498125dd20a0d3a27f03e0ebcc8e681cf42be468e2d3e3c9e8f5dadcae8d47
- kind: project-relative
  target: claude
  value: .claude/skills/grilling/agents/openai.yaml
  runtime: null
  scope: project
  owners:
  - mattpocock/skills
  active_owner: mattpocock/skills
  content_hash: sha256:1411d7df7d99b7e621a1ff8283c8133cc2464be63d064e52d8ce169c6800ee9b
- kind: project-relative
  target: claude
  value: .claude/skills/improve-codebase-architecture
  runtime: null
  scope: project
  owners:
  - mattpocock/skills
  active_owner: mattpocock/skills
  content_hash: null
- kind: project-relative
  target: claude
  value: .claude/skills/improve-codebase-architecture/HTML-REPORT.md
  runtime: null
  scope: project
  owners:
  - mattpocock/skills
  active_owner: mattpocock/skills
  content_hash: sha256:0b0936104158abeef7246ff6cbabefa4dc055f17589f2833f2d93001421910a1
- kind: project-relative
  target: claude
  value: .claude/skills/improve-codebase-architecture/SKILL.md
  runtime: null
  scope: project
  owners:
  - mattpocock/skills
  active_owner: mattpocock/skills
  content_hash: sha256:387f38d21367761c94d4b4dcea9e9d7d3e31f896c4decebf4984483e42125cfc
- kind: project-relative
  target: claude
  value: .claude/skills/improve-codebase-architecture/agents/openai.yaml
  runtime: null
  scope: project
  owners:
  - mattpocock/skills
  active_owner: mattpocock/skills
  content_hash: sha256:c8cb20f68ebf0edb4e497bc11ae5fcaa196004e661cd189015b04f4109ced7f1
- kind: project-relative
  target: claude
  value: .claude/skills/ponytail
  runtime: null
  scope: project
  owners:
  - dietrichgebert/ponytail
  active_owner: dietrichgebert/ponytail
  content_hash: null
- kind: project-relative
  target: claude
  value: .claude/skills/ponytail-audit
  runtime: null
  scope: project
  owners:
  - dietrichgebert/ponytail
  active_owner: dietrichgebert/ponytail
  content_hash: null
- kind: project-relative
  target: claude
  value: .claude/skills/ponytail-audit/SKILL.md
  runtime: null
  scope: project
  owners:
  - dietrichgebert/ponytail
  active_owner: dietrichgebert/ponytail
  content_hash: sha256:5560b8e383dbe2ddfddc873a1e2bf2e586e23e0cd7d995537482b2315331f6d1
- kind: project-relative
  target: claude
  value: .claude/skills/ponytail-debt
  runtime: null
  scope: project
  owners:
  - dietrichgebert/ponytail
  active_owner: dietrichgebert/ponytail
  content_hash: null
- kind: project-relative
  target: claude
  value: .claude/skills/ponytail-debt/SKILL.md
  runtime: null
  scope: project
  owners:
  - dietrichgebert/ponytail
  active_owner: dietrichgebert/ponytail
  content_hash: sha256:c84fba75f0ca12bfe83f9a78ea02fd125c5dd3f1fbb18124105a489937f284e6
- kind: project-relative
  target: claude
  value: .claude/skills/ponytail-gain
  runtime: null
  scope: project
  owners:
  - dietrichgebert/ponytail
  active_owner: dietrichgebert/ponytail
  content_hash: null
- kind: project-relative
  target: claude
  value: .claude/skills/ponytail-gain/SKILL.md
  runtime: null
  scope: project
  owners:
  - dietrichgebert/ponytail
  active_owner: dietrichgebert/ponytail
  content_hash: sha256:24e01d1c9715cb136ba1c4f1e52a95940c0193558b876828e537736480d6408b
- kind: project-relative
  target: claude
  value: .claude/skills/ponytail-help
  runtime: null
  scope: project
  owners:
  - dietrichgebert/ponytail
  active_owner: dietrichgebert/ponytail
  content_hash: null
- kind: project-relative
  target: claude
  value: .claude/skills/ponytail-help/SKILL.md
  runtime: null
  scope: project
  owners:
  - dietrichgebert/ponytail
  active_owner: dietrichgebert/ponytail
  content_hash: sha256:2264d1615117b02b0fd5a69ec84cd2757006471a78e4d6c22eed6d581c1d37a4
- kind: project-relative
  target: claude
  value: .claude/skills/ponytail-review
  runtime: null
  scope: project
  owners:
  - dietrichgebert/ponytail
  active_owner: dietrichgebert/ponytail
  content_hash: null
- kind: project-relative
  target: claude
  value: .claude/skills/ponytail-review/SKILL.md
  runtime: null
  scope: project
  owners:
  - dietrichgebert/ponytail
  active_owner: dietrichgebert/ponytail
  content_hash: sha256:40df33b58fc6ef889b93585733feb9566b76e9586efa7f376785c1e995197ac0
- kind: project-relative
  target: claude
  value: .claude/skills/ponytail/SKILL.md
  runtime: null
  scope: project
  owners:
  - dietrichgebert/ponytail
  active_owner: dietrichgebert/ponytail
  content_hash: sha256:1316a2f3f95741d2300b116fe0c2d81ce4a9568656ed0a62643f54aaf09957f2
- kind: project-relative
  target: claude
  value: .claude/skills/prototype
  runtime: null
  scope: project
  owners:
  - mattpocock/skills
  active_owner: mattpocock/skills
  content_hash: null
- kind: project-relative
  target: claude
  value: .claude/skills/prototype/LOGIC.md
  runtime: null
  scope: project
  owners:
  - mattpocock/skills
  active_owner: mattpocock/skills
  content_hash: sha256:5aef84c2ef514dd2a7268433abd3ee8e47b35f42b60e0b5f7430ec4937f4f06a
- kind: project-relative
  target: claude
  value: .claude/skills/prototype/SKILL.md
  runtime: null
  scope: project
  owners:
  - mattpocock/skills
  active_owner: mattpocock/skills
  content_hash: sha256:2579ecf89a7fb7e73345117405c7ba9b9fb5ab22a78ecb08b0ce68b73f0148c2
- kind: project-relative
  target: claude
  value: .claude/skills/prototype/UI.md
  runtime: null
  scope: project
  owners:
  - mattpocock/skills
  active_owner: mattpocock/skills
  content_hash: sha256:e2ca04434be54acdee2f5df582ef8038fadf582bbcc99be0d2e27737ff8ed096
- kind: project-relative
  target: claude
  value: .claude/skills/prototype/agents/openai.yaml
  runtime: null
  scope: project
  owners:
  - mattpocock/skills
  active_owner: mattpocock/skills
  content_hash: sha256:5af65e43ab41a350436697b81e27b7f848d36782043b73c322bb2c9fa9cc55dc
- kind: project-relative
  target: claude
  value: .claude/skills/research
  runtime: null
  scope: project
  owners:
  - mattpocock/skills
  active_owner: mattpocock/skills
  content_hash: null
- kind: project-relative
  target: claude
  value: .claude/skills/research/SKILL.md
  runtime: null
  scope: project
  owners:
  - mattpocock/skills
  active_owner: mattpocock/skills
  content_hash: sha256:af378829f015775a3bcd65ff466826722e99359017ae6bae227ca4c9bd14049c
- kind: project-relative
  target: claude
  value: .claude/skills/research/agents/openai.yaml
  runtime: null
  scope: project
  owners:
  - mattpocock/skills
  active_owner: mattpocock/skills
  content_hash: sha256:9b4c470d63221c1f68f22df70b83e2f12401b317babe0d1b7b5f24a974474d0d
- kind: project-relative
  target: claude
  value: .claude/skills/resolving-merge-conflicts
  runtime: null
  scope: project
  owners:
  - mattpocock/skills
  active_owner: mattpocock/skills
  content_hash: null
- kind: project-relative
  target: claude
  value: .claude/skills/resolving-merge-conflicts/SKILL.md
  runtime: null
  scope: project
  owners:
  - mattpocock/skills
  active_owner: mattpocock/skills
  content_hash: sha256:c7c9ba81362a786aac05d2223123bf1bd2f8a99c3243a72882ede9c68bedfb24
- kind: project-relative
  target: claude
  value: .claude/skills/resolving-merge-conflicts/agents/openai.yaml
  runtime: null
  scope: project
  owners:
  - mattpocock/skills
  active_owner: mattpocock/skills
  content_hash: sha256:a1f4f96838f2ed6282eb28abbbf99029cb8fadce552baf53da90a025b8bffddf
- kind: project-relative
  target: claude
  value: .claude/skills/setup-matt-pocock-skills
  runtime: null
  scope: project
  owners:
  - mattpocock/skills
  active_owner: mattpocock/skills
  content_hash: null
- kind: project-relative
  target: claude
  value: .claude/skills/setup-matt-pocock-skills/SKILL.md
  runtime: null
  scope: project
  owners:
  - mattpocock/skills
  active_owner: mattpocock/skills
  content_hash: sha256:310fb1a73c0467e617e17d7c41d4a2278b5405c4a27f36d7cd22bb4599aee6bb
- kind: project-relative
  target: claude
  value: .claude/skills/setup-matt-pocock-skills/agents/openai.yaml
  runtime: null
  scope: project
  owners:
  - mattpocock/skills
  active_owner: mattpocock/skills
  content_hash: sha256:9527de0110541c45712319025155aeab8dc7d77c6ed6e5e83271bab1851ab939
- kind: project-relative
  target: claude
  value: .claude/skills/setup-matt-pocock-skills/domain.md
  runtime: null
  scope: project
  owners:
  - mattpocock/skills
  active_owner: mattpocock/skills
  content_hash: sha256:25be404b58798b3cb2d51c93dba2ab052fc3a425632185726ac3f5fcff193b99
- kind: project-relative
  target: claude
  value: .claude/skills/setup-matt-pocock-skills/issue-tracker-github.md
  runtime: null
  scope: project
  owners:
  - mattpocock/skills
  active_owner: mattpocock/skills
  content_hash: sha256:ec8332bb69e7e79e349989e940be481a0c79b552be3acc613e718278bcc5e03d
- kind: project-relative
  target: claude
  value: .claude/skills/setup-matt-pocock-skills/issue-tracker-gitlab.md
  runtime: null
  scope: project
  owners:
  - mattpocock/skills
  active_owner: mattpocock/skills
  content_hash: sha256:16ea4a727803876cbc763e1f6b00992b3b393ba5e0cd394382dccc0f8d83c564
- kind: project-relative
  target: claude
  value: .claude/skills/setup-matt-pocock-skills/issue-tracker-local.md
  runtime: null
  scope: project
  owners:
  - mattpocock/skills
  active_owner: mattpocock/skills
  content_hash: sha256:6f38f66f9ffce2fdc26c43608d06b527f60e45c6f43003d0ea77d4e2641c9de3
- kind: project-relative
  target: claude
  value: .claude/skills/setup-matt-pocock-skills/triage-labels.md
  runtime: null
  scope: project
  owners:
  - mattpocock/skills
  active_owner: mattpocock/skills
  content_hash: sha256:4f53c9b40ce2651e3611aa090eaedbd6dbc9b71ef8c5f7e65eac0d8263190d0d
- kind: project-relative
  target: claude
  value: .claude/skills/tdd
  runtime: null
  scope: project
  owners:
  - mattpocock/skills
  active_owner: mattpocock/skills
  content_hash: null
- kind: project-relative
  target: claude
  value: .claude/skills/tdd/SKILL.md
  runtime: null
  scope: project
  owners:
  - mattpocock/skills
  active_owner: mattpocock/skills
  content_hash: sha256:6875cbca6b7d17be635dc9b457cc6363125f85cef26f443991b77c7d9eb430d2
- kind: project-relative
  target: claude
  value: .claude/skills/tdd/agents/openai.yaml
  runtime: null
  scope: project
  owners:
  - mattpocock/skills
  active_owner: mattpocock/skills
  content_hash: sha256:ea6f01cf1b8c06a4b0f5b649d74b1b8ce8685e72af1b38d70d877693e092af0b
- kind: project-relative
  target: claude
  value: .claude/skills/tdd/mocking.md
  runtime: null
  scope: project
  owners:
  - mattpocock/skills
  active_owner: mattpocock/skills
  content_hash: sha256:3ceb807fdf4a47d6a93d4d9a891e5ba6d362a6247bd08adc451feebfc17361ef
- kind: project-relative
  target: claude
  value: .claude/skills/tdd/tests.md
  runtime: null
  scope: project
  owners:
  - mattpocock/skills
  active_owner: mattpocock/skills
  content_hash: sha256:859f9e592c188fda4fc7277dd180e4ce9c7a2e13f6efe1f6f29eccc9d28c106a
- kind: project-relative
  target: claude
  value: .claude/skills/thermo-nuclear-code-quality-review
  runtime: null
  scope: project
  owners:
  - cursor/plugins/cursor-team-kit/skills/thermo-nuclear-code-quality-review
  active_owner: cursor/plugins/cursor-team-kit/skills/thermo-nuclear-code-quality-review
  content_hash: null
- kind: project-relative
  target: claude
  value: .claude/skills/thermo-nuclear-code-quality-review/SKILL.md
  runtime: null
  scope: project
  owners:
  - cursor/plugins/cursor-team-kit/skills/thermo-nuclear-code-quality-review
  active_owner: cursor/plugins/cursor-team-kit/skills/thermo-nuclear-code-quality-review
  content_hash: sha256:7faca08b51b643b2ddd0836f92af15574444024685dcc1e677dbbb39ae8c9e8f
- kind: project-relative
  target: claude
  value: .claude/skills/to-spec
  runtime: null
  scope: project
  owners:
  - mattpocock/skills
  active_owner: mattpocock/skills
  content_hash: null
- kind: project-relative
  target: claude
  value: .claude/skills/to-spec/SKILL.md
  runtime: null
  scope: project
  owners:
  - mattpocock/skills
  active_owner: mattpocock/skills
  content_hash: sha256:69ae8bd0ee33d4d350e50eed68f8c958c4b95ffa502ad90e7757e95e7e21419d
- kind: project-relative
  target: claude
  value: .claude/skills/to-spec/agents/openai.yaml
  runtime: null
  scope: project
  owners:
  - mattpocock/skills
  active_owner: mattpocock/skills
  content_hash: sha256:1c5b4d1e3d8e52287ef19cc2742fdbbfae1914ac75d33af3e4c8174f08cc55bb
- kind: project-relative
  target: claude
  value: .claude/skills/to-tickets
  runtime: null
  scope: project
  owners:
  - mattpocock/skills
  active_owner: mattpocock/skills
  content_hash: null
- kind: project-relative
  target: claude
  value: .claude/skills/to-tickets/SKILL.md
  runtime: null
  scope: project
  owners:
  - mattpocock/skills
  active_owner: mattpocock/skills
  content_hash: sha256:7d211a9262a741b62c70e06dafb507732f5927cca6839391a4fd9f47ace98984
- kind: project-relative
  target: claude
  value: .claude/skills/to-tickets/agents/openai.yaml
  runtime: null
  scope: project
  owners:
  - mattpocock/skills
  active_owner: mattpocock/skills
  content_hash: sha256:21bc6215fffcd7614e9f772bb1760e87cc5fc7dcc707e7d282bc9414267a6090
- kind: project-relative
  target: claude
  value: .claude/skills/triage
  runtime: null
  scope: project
  owners:
  - mattpocock/skills
  active_owner: mattpocock/skills
  content_hash: null
- kind: project-relative
  target: claude
  value: .claude/skills/triage/AGENT-BRIEF.md
  runtime: null
  scope: project
  owners:
  - mattpocock/skills
  active_owner: mattpocock/skills
  content_hash: sha256:5b78d347cc53f6bcf7b875106005ccf5315055fa4cf75eb28d41e96ee426d27b
- kind: project-relative
  target: claude
  value: .claude/skills/triage/OUT-OF-SCOPE.md
  runtime: null
  scope: project
  owners:
  - mattpocock/skills
  active_owner: mattpocock/skills
  content_hash: sha256:2526f998fd7ca5e956d3f6f234bcc2431a5971ee769f1148ddc60b92f04d5914
- kind: project-relative
  target: claude
  value: .claude/skills/triage/SKILL.md
  runtime: null
  scope: project
  owners:
  - mattpocock/skills
  active_owner: mattpocock/skills
  content_hash: sha256:e52a18163b7b76431393d89c414426b202cacc812f49f95d540d33f2a058dde1
- kind: project-relative
  target: claude
  value: .claude/skills/triage/agents/openai.yaml
  runtime: null
  scope: project
  owners:
  - mattpocock/skills
  active_owner: mattpocock/skills
  content_hash: sha256:2e683717720cf456d165d0bb1a68bb600d0b6a8ccb61841c172e50d26f95351c
- kind: project-relative
  target: claude
  value: .claude/skills/wayfinder
  runtime: null
  scope: project
  owners:
  - mattpocock/skills
  active_owner: mattpocock/skills
  content_hash: null
- kind: project-relative
  target: claude
  value: .claude/skills/wayfinder/SKILL.md
  runtime: null
  scope: project
  owners:
  - mattpocock/skills
  active_owner: mattpocock/skills
  content_hash: sha256:73cc3fc0951b02f028e035e381b69a17e14700b04ecb51fdb0aaf3ce1162b959
- kind: project-relative
  target: claude
  value: .claude/skills/wayfinder/agents/openai.yaml
  runtime: null
  scope: project
  owners:
  - mattpocock/skills
  active_owner: mattpocock/skills
  content_hash: sha256:88bc81a11a6d52ac67aeaa76b8b619e387020d47c5133a4dd4927fd15c4ad073
